
Microsoft Visual Studio Solution File, Format Version 12.00
# Visual Studio Version 16
VisualStudioVersion = 16.0.29409.12
MinimumVisualStudioVersion = 10.0.40219.1
Project("{2150E333-8FDC-42A3-9474-1A3956D46DE8}") = "src", "src", "{CFF33A7E-D3D2-4F7D-BAAF-82882477E893}"
EndProject
Project("{2150E333-8FDC-42A3-9474-1A3956D46DE8}") = "Solution Items", "Solution Items", "{A73F9B3F-3DD5-4548-B00B-732A1BFA32D5}"
	ProjectSection(SolutionItems) = preProject
		NETStandard.WindowsCE.nuspec = NETStandard.WindowsCE.nuspec
		README.md = README.md
		References.txt = References.txt
	EndProjectSection
EndProject
Project("{2150E333-8FDC-42A3-9474-1A3956D46DE8}") = "test", "test", "{20BD1660-3BCE-42CF-97B3-7B0E051078DA}"
EndProject
Project("{9A19103F-16F7-4668-BE54-9A1E7A4F7556}") = "NETStandard.WindowsCE", "src\NETStandard.WindowsCE\NETStandard.WindowsCE.csproj", "{24857E98-E634-4803-8CC6-172B8389D89D}"
EndProject
Project("{FAE04EC0-301F-11D3-BF4B-00C04F79EFBC}") = "System.Runtime.Tests", "test\System.Runtime.Tests\System.Runtime.Tests.csproj", "{F49933B4-0985-4253-94BD-073F63E25DB2}"
	ProjectSection(ProjectDependencies) = postProject
		{24857E98-E634-4803-8CC6-172B8389D89D} = {24857E98-E634-4803-8CC6-172B8389D89D}
	EndProjectSection
EndProject
Project("{FAE04EC0-301F-11D3-BF4B-00C04F79EFBC}") = "Concurrent.Tests", "test\Concurrent.Tests\Concurrent.Tests.csproj", "{1F117C36-5B92-4EB7-9C5C-94D04BC58575}"
	ProjectSection(ProjectDependencies) = postProject
		{24857E98-E634-4803-8CC6-172B8389D89D} = {24857E98-E634-4803-8CC6-172B8389D89D}
	EndProjectSection
EndProject
Project("{FAE04EC0-301F-11D3-BF4B-00C04F79EFBC}") = "Tasks.Tests", "test\Tasks.Tests\Tasks.Tests.csproj", "{C7A8DFD3-937B-4B73-98E5-4FA4A3C52CF9}"
	ProjectSection(ProjectDependencies) = postProject
		{24857E98-E634-4803-8CC6-172B8389D89D} = {24857E98-E634-4803-8CC6-172B8389D89D}
	EndProjectSection
EndProject
Project("{FAE04EC0-301F-11D3-BF4B-00C04F79EFBC}") = "Common.Tests", "test\Common.Tests\Common.Tests.csproj", "{11362EF6-8335-4739-9AB0-2FFF56589661}"
EndProject
Global
	GlobalSection(SolutionConfigurationPlatforms) = preSolution
		Debug|Any CPU = Debug|Any CPU
		Release|Any CPU = Release|Any CPU
	EndGlobalSection
	GlobalSection(ProjectConfigurationPlatforms) = postSolution
		{24857E98-E634-4803-8CC6-172B8389D89D}.Debug|Any CPU.ActiveCfg = Debug|Any CPU
		{24857E98-E634-4803-8CC6-172B8389D89D}.Debug|Any CPU.Build.0 = Debug|Any CPU
		{24857E98-E634-4803-8CC6-172B8389D89D}.Release|Any CPU.ActiveCfg = Release|Any CPU
		{24857E98-E634-4803-8CC6-172B8389D89D}.Release|Any CPU.Build.0 = Release|Any CPU
		{F49933B4-0985-4253-94BD-073F63E25DB2}.Debug|Any CPU.ActiveCfg = Debug|Any CPU
		{F49933B4-0985-4253-94BD-073F63E25DB2}.Debug|Any CPU.Build.0 = Debug|Any CPU
		{F49933B4-0985-4253-94BD-073F63E25DB2}.Release|Any CPU.ActiveCfg = Release|Any CPU
		{F49933B4-0985-4253-94BD-073F63E25DB2}.Release|Any CPU.Build.0 = Release|Any CPU
		{1F117C36-5B92-4EB7-9C5C-94D04BC58575}.Debug|Any CPU.ActiveCfg = Debug|Any CPU
		{1F117C36-5B92-4EB7-9C5C-94D04BC58575}.Debug|Any CPU.Build.0 = Debug|Any CPU
		{1F117C36-5B92-4EB7-9C5C-94D04BC58575}.Release|Any CPU.ActiveCfg = Release|Any CPU
		{1F117C36-5B92-4EB7-9C5C-94D04BC58575}.Release|Any CPU.Build.0 = Release|Any CPU
		{C7A8DFD3-937B-4B73-98E5-4FA4A3C52CF9}.Debug|Any CPU.ActiveCfg = Debug|Any CPU
		{C7A8DFD3-937B-4B73-98E5-4FA4A3C52CF9}.Debug|Any CPU.Build.0 = Debug|Any CPU
		{C7A8DFD3-937B-4B73-98E5-4FA4A3C52CF9}.Release|Any CPU.ActiveCfg = Release|Any CPU
		{C7A8DFD3-937B-4B73-98E5-4FA4A3C52CF9}.Release|Any CPU.Build.0 = Release|Any CPU
		{11362EF6-8335-4739-9AB0-2FFF56589661}.Debug|Any CPU.ActiveCfg = Debug|Any CPU
		{11362EF6-8335-4739-9AB0-2FFF56589661}.Debug|Any CPU.Build.0 = Debug|Any CPU
		{11362EF6-8335-4739-9AB0-2FFF56589661}.Release|Any CPU.ActiveCfg = Release|Any CPU
		{11362EF6-8335-4739-9AB0-2FFF56589661}.Release|Any CPU.Build.0 = Release|Any CPU
	EndGlobalSection
	GlobalSection(SolutionProperties) = preSolution
		HideSolutionNode = FALSE
	EndGlobalSection
	GlobalSection(NestedProjects) = preSolution
		{24857E98-E634-4803-8CC6-172B8389D89D} = {CFF33A7E-D3D2-4F7D-BAAF-82882477E893}
		{F49933B4-0985-4253-94BD-073F63E25DB2} = {20BD1660-3BCE-42CF-97B3-7B0E051078DA}
		{1F117C36-5B92-4EB7-9C5C-94D04BC58575} = {20BD1660-3BCE-42CF-97B3-7B0E051078DA}
		{C7A8DFD3-937B-4B73-98E5-4FA4A3C52CF9} = {20BD1660-3BCE-42CF-97B3-7B0E051078DA}
		{11362EF6-8335-4739-9AB0-2FFF56589661} = {20BD1660-3BCE-42CF-97B3-7B0E051078DA}
	EndGlobalSection
	GlobalSection(ExtensibilityGlobals) = postSolution
		SolutionGuid = {2096C24D-186F-4051-952C-5ADC36607846}
	EndGlobalSection
EndGlobal
