
Microsoft Visual Studio Solution File, Format Version 10.00
# Visual Studio 2008
Project("{FAE04EC0-301F-11D3-BF4B-00C04F79EFBC}") = "System.Runtime.Tests", "System.Runtime.Tests\System.Runtime.Tests.csproj", "{7D6F6C55-586F-4B00-A4FF-5963ECFA5556}"
EndProject
Project("{2150E333-8FDC-42A3-9474-1A3956D46DE8}") = "Solution Items", "Solution Items", "{83148576-0C99-411A-97B0-EF0D608CA6FD}"
	ProjectSection(SolutionItems) = preProject
		netstandard-net35cf.vsmdi = netstandard-net35cf.vsmdi
		SmartDeviceTestRun.testrunConfig = SmartDeviceTestRun.testrunConfig
	EndProjectSection
EndProject
Project("{FAE04EC0-301F-11D3-BF4B-00C04F79EFBC}") = "Common.Tests", "Common.Tests\Common.Tests.csproj", "{CB63FC16-695D-4277-B980-90363DA370CF}"
EndProject
Project("{FAE04EC0-301F-11D3-BF4B-00C04F79EFBC}") = "Console.Tests", "Console.Tests\Console.Tests.csproj", "{00425298-0504-449B-BC45-71ED3CE7B3F8}"
EndProject
Global
	GlobalSection(TestCaseManagementSettings) = postSolution
		CategoryFile = netstandard-net35cf.vsmdi
	EndGlobalSection
	GlobalSection(SolutionConfigurationPlatforms) = preSolution
		Debug|Any CPU = Debug|Any CPU
		Release|Any CPU = Release|Any CPU
	EndGlobalSection
	GlobalSection(ProjectConfigurationPlatforms) = postSolution
		{7D6F6C55-586F-4B00-A4FF-5963ECFA5556}.Debug|Any CPU.ActiveCfg = Debug|Any CPU
		{7D6F6C55-586F-4B00-A4FF-5963ECFA5556}.Debug|Any CPU.Build.0 = Debug|Any CPU
		{7D6F6C55-586F-4B00-A4FF-5963ECFA5556}.Release|Any CPU.ActiveCfg = Release|Any CPU
		{7D6F6C55-586F-4B00-A4FF-5963ECFA5556}.Release|Any CPU.Build.0 = Release|Any CPU
		{CB63FC16-695D-4277-B980-90363DA370CF}.Debug|Any CPU.ActiveCfg = Debug|Any CPU
		{CB63FC16-695D-4277-B980-90363DA370CF}.Debug|Any CPU.Build.0 = Debug|Any CPU
		{CB63FC16-695D-4277-B980-90363DA370CF}.Release|Any CPU.ActiveCfg = Release|Any CPU
		{CB63FC16-695D-4277-B980-90363DA370CF}.Release|Any CPU.Build.0 = Release|Any CPU
		{00425298-0504-449B-BC45-71ED3CE7B3F8}.Debug|Any CPU.ActiveCfg = Debug|Any CPU
		{00425298-0504-449B-BC45-71ED3CE7B3F8}.Debug|Any CPU.Build.0 = Debug|Any CPU
		{00425298-0504-449B-BC45-71ED3CE7B3F8}.Debug|Any CPU.Deploy.0 = Debug|Any CPU
		{00425298-0504-449B-BC45-71ED3CE7B3F8}.Release|Any CPU.ActiveCfg = Release|Any CPU
		{00425298-0504-449B-BC45-71ED3CE7B3F8}.Release|Any CPU.Build.0 = Release|Any CPU
		{00425298-0504-449B-BC45-71ED3CE7B3F8}.Release|Any CPU.Deploy.0 = Release|Any CPU
	EndGlobalSection
	GlobalSection(SolutionProperties) = preSolution
		HideSolutionNode = FALSE
	EndGlobalSection
EndGlobal
